// !$*UTF8*$!
{
	archiveVersion = 1;
	classes = {
	};
	objectVersion = 50;
	objects = {

/* Begin PBXBuildFile section */
		81C2901E2584A739002A1FB5 /* ft_atoi.c in Sources */ = {isa = PBXBuildFile; fileRef = 81C2901D2584A739002A1FB5 /* ft_atoi.c */; };
		81C290212584B014002A1FB5 /* ft_contains.c in Sources */ = {isa = PBXBuildFile; fileRef = 81C290202584B014002A1FB5 /* ft_contains.c */; };
		81C290242584B165002A1FB5 /* ft_strlcpy.c in Sources */ = {isa = PBXBuildFile; fileRef = 81C290232584B165002A1FB5 /* ft_strlcpy.c */; };
		81C290272584B511002A1FB5 /* ft_numlen.c in Sources */ = {isa = PBXBuildFile; fileRef = 81C290262584B511002A1FB5 /* ft_numlen.c */; };
		81C290312584C196002A1FB5 /* init_pfs.c in Sources */ = {isa = PBXBuildFile; fileRef = 81C290302584C196002A1FB5 /* init_pfs.c */; };
		81C290342584C248002A1FB5 /* deinit_pfs.c in Sources */ = {isa = PBXBuildFile; fileRef = 81C290332584C248002A1FB5 /* deinit_pfs.c */; };
		81C290372584C717002A1FB5 /* parse_flag.c in Sources */ = {isa = PBXBuildFile; fileRef = 81C290362584C717002A1FB5 /* parse_flag.c */; };
		81F2F804259B051C00DC255F /* handle_prsnt.c in Sources */ = {isa = PBXBuildFile; fileRef = 81F2F803259B051C00DC255F /* handle_prsnt.c */; };
		81F2F80B259DC12A00DC255F /* apply_flag.c in Sources */ = {isa = PBXBuildFile; fileRef = 81F2F80A259DC12A00DC255F /* apply_flag.c */; };
		81F2F81025A2052600DC255F /* handle_c.c in Sources */ = {isa = PBXBuildFile; fileRef = 81F2F80F25A2052600DC255F /* handle_c.c */; };
		81F2F81325A208D800DC255F /* handle_p.c in Sources */ = {isa = PBXBuildFile; fileRef = 81F2F81225A208D800DC255F /* handle_p.c */; };
		81F2F81725A4BD6300DC255F /* ft_bzero.c in Sources */ = {isa = PBXBuildFile; fileRef = 81F2F81625A4BD6300DC255F /* ft_bzero.c */; };
		81F2F81A25A4BDED00DC255F /* ft_memcpy.c in Sources */ = {isa = PBXBuildFile; fileRef = 81F2F81925A4BDED00DC255F /* ft_memcpy.c */; };
		81F2F81D25A4C95B00DC255F /* handle_di.c in Sources */ = {isa = PBXBuildFile; fileRef = 81F2F81C25A4C95B00DC255F /* handle_di.c */; };
		81F2F82025A4CAA000DC255F /* reverse.c in Sources */ = {isa = PBXBuildFile; fileRef = 81F2F81F25A4CAA000DC255F /* reverse.c */; };
		81F2F82325A5B57100DC255F /* ft_itoa.c in Sources */ = {isa = PBXBuildFile; fileRef = 81F2F82225A5B57100DC255F /* ft_itoa.c */; };
		EFD2690425812C86002A5B26 /* ft_isTypeFlag.c in Sources */ = {isa = PBXBuildFile; fileRef = EFD2690325812C86002A5B26 /* ft_isTypeFlag.c */; };
		EFD2690625812CD1002A5B26 /* ft_isFlag.c in Sources */ = {isa = PBXBuildFile; fileRef = EFD2690525812CD1002A5B26 /* ft_isFlag.c */; };
		EFD40145257E76F40000FF34 /* ft_parse.c in Sources */ = {isa = PBXBuildFile; fileRef = EFD40144257E76F40000FF34 /* ft_parse.c */; };
		EFD4014A257E92A70000FF34 /* ft_strlen.c in Sources */ = {isa = PBXBuildFile; fileRef = EFD40149257E92A60000FF34 /* ft_strlen.c */; };
		EFD4014D257E930B0000FF34 /* ft_putstr.c in Sources */ = {isa = PBXBuildFile; fileRef = EFD4014C257E930B0000FF34 /* ft_putstr.c */; };
		EFD40150257E93EE0000FF34 /* ft_putchar.c in Sources */ = {isa = PBXBuildFile; fileRef = EFD4014F257E93EE0000FF34 /* ft_putchar.c */; };
		EFD40153257E98F80000FF34 /* handle_s.c in Sources */ = {isa = PBXBuildFile; fileRef = EFD40152257E98F80000FF34 /* handle_s.c */; };
		EFDC03F5257B9A71006373A5 /* main.c in Sources */ = {isa = PBXBuildFile; fileRef = EFDC03F4257B9A71006373A5 /* main.c */; };
		EFDC040B257B9ADA006373A5 /* ft_printf.c in Sources */ = {isa = PBXBuildFile; fileRef = EFDC0409257B9ADA006373A5 /* ft_printf.c */; };
/* End PBXBuildFile section */

/* Begin PBXCopyFilesBuildPhase section */
		EFDC03EF257B9A71006373A5 /* CopyFiles */ = {
			isa = PBXCopyFilesBuildPhase;
			buildActionMask = 2147483647;
			dstPath = /usr/share/man/man1/;
			dstSubfolderSpec = 0;
			files = (
			);
			runOnlyForDeploymentPostprocessing = 1;
		};
/* End PBXCopyFilesBuildPhase section */

/* Begin PBXFileReference section */
		81C2901D2584A739002A1FB5 /* ft_atoi.c */ = {isa = PBXFileReference; lastKnownFileType = sourcecode.c.c; path = ft_atoi.c; sourceTree = "<group>"; };
		81C290202584B014002A1FB5 /* ft_contains.c */ = {isa = PBXFileReference; lastKnownFileType = sourcecode.c.c; path = ft_contains.c; sourceTree = "<group>"; };
		81C290232584B165002A1FB5 /* ft_strlcpy.c */ = {isa = PBXFileReference; lastKnownFileType = sourcecode.c.c; path = ft_strlcpy.c; sourceTree = "<group>"; };
		81C290262584B511002A1FB5 /* ft_numlen.c */ = {isa = PBXFileReference; lastKnownFileType = sourcecode.c.c; path = ft_numlen.c; sourceTree = "<group>"; };
		81C290302584C196002A1FB5 /* init_pfs.c */ = {isa = PBXFileReference; lastKnownFileType = sourcecode.c.c; path = init_pfs.c; sourceTree = "<group>"; };
		81C290332584C248002A1FB5 /* deinit_pfs.c */ = {isa = PBXFileReference; lastKnownFileType = sourcecode.c.c; path = deinit_pfs.c; sourceTree = "<group>"; };
		81C290362584C717002A1FB5 /* parse_flag.c */ = {isa = PBXFileReference; lastKnownFileType = sourcecode.c.c; path = parse_flag.c; sourceTree = "<group>"; };
		81F2F803259B051C00DC255F /* handle_prsnt.c */ = {isa = PBXFileReference; lastKnownFileType = sourcecode.c.c; path = handle_prsnt.c; sourceTree = "<group>"; };
		81F2F80A259DC12A00DC255F /* apply_flag.c */ = {isa = PBXFileReference; lastKnownFileType = sourcecode.c.c; path = apply_flag.c; sourceTree = "<group>"; };
		81F2F80F25A2052600DC255F /* handle_c.c */ = {isa = PBXFileReference; lastKnownFileType = sourcecode.c.c; path = handle_c.c; sourceTree = "<group>"; };
		81F2F81225A208D800DC255F /* handle_p.c */ = {isa = PBXFileReference; lastKnownFileType = sourcecode.c.c; path = handle_p.c; sourceTree = "<group>"; };
		81F2F81625A4BD6300DC255F /* ft_bzero.c */ = {isa = PBXFileReference; lastKnownFileType = sourcecode.c.c; path = ft_bzero.c; sourceTree = "<group>"; };
		81F2F81925A4BDED00DC255F /* ft_memcpy.c */ = {isa = PBXFileReference; lastKnownFileType = sourcecode.c.c; path = ft_memcpy.c; sourceTree = "<group>"; };
		81F2F81C25A4C95B00DC255F /* handle_di.c */ = {isa = PBXFileReference; lastKnownFileType = sourcecode.c.c; path = handle_di.c; sourceTree = "<group>"; };
		81F2F81F25A4CAA000DC255F /* reverse.c */ = {isa = PBXFileReference; lastKnownFileType = sourcecode.c.c; path = reverse.c; sourceTree = "<group>"; };
		81F2F82225A5B57100DC255F /* ft_itoa.c */ = {isa = PBXFileReference; lastKnownFileType = sourcecode.c.c; path = ft_itoa.c; sourceTree = "<group>"; };
		EFD2690325812C86002A5B26 /* ft_isTypeFlag.c */ = {isa = PBXFileReference; lastKnownFileType = sourcecode.c.c; path = ft_isTypeFlag.c; sourceTree = "<group>"; };
		EFD2690525812CD1002A5B26 /* ft_isFlag.c */ = {isa = PBXFileReference; lastKnownFileType = sourcecode.c.c; path = ft_isFlag.c; sourceTree = "<group>"; };
		EFD40144257E76F40000FF34 /* ft_parse.c */ = {isa = PBXFileReference; lastKnownFileType = sourcecode.c.c; path = ft_parse.c; sourceTree = "<group>"; };
		EFD40149257E92A60000FF34 /* ft_strlen.c */ = {isa = PBXFileReference; lastKnownFileType = sourcecode.c.c; path = ft_strlen.c; sourceTree = "<group>"; };
		EFD4014C257E930B0000FF34 /* ft_putstr.c */ = {isa = PBXFileReference; lastKnownFileType = sourcecode.c.c; path = ft_putstr.c; sourceTree = "<group>"; };
		EFD4014F257E93EE0000FF34 /* ft_putchar.c */ = {isa = PBXFileReference; lastKnownFileType = sourcecode.c.c; path = ft_putchar.c; sourceTree = "<group>"; };
		EFD40152257E98F80000FF34 /* handle_s.c */ = {isa = PBXFileReference; lastKnownFileType = sourcecode.c.c; path = handle_s.c; sourceTree = "<group>"; };
		EFDC03F1257B9A71006373A5 /* ft_printf */ = {isa = PBXFileReference; explicitFileType = "compiled.mach-o.executable"; includeInIndex = 0; path = ft_printf; sourceTree = BUILT_PRODUCTS_DIR; };
		EFDC03F4257B9A71006373A5 /* main.c */ = {isa = PBXFileReference; lastKnownFileType = sourcecode.c.c; path = main.c; sourceTree = "<group>"; xcLanguageSpecificationIdentifier = xcode.lang.c; };
		EFDC0408257B9ADA006373A5 /* ft_printf.h */ = {isa = PBXFileReference; fileEncoding = 4; lastKnownFileType = sourcecode.c.h; path = ft_printf.h; sourceTree = "<group>"; };
		EFDC0409257B9ADA006373A5 /* ft_printf.c */ = {isa = PBXFileReference; fileEncoding = 4; lastKnownFileType = sourcecode.c.c; path = ft_printf.c; sourceTree = "<group>"; };
/* End PBXFileReference section */

/* Begin PBXFrameworksBuildPhase section */
		EFDC03EE257B9A71006373A5 /* Frameworks */ = {
			isa = PBXFrameworksBuildPhase;
			buildActionMask = 2147483647;
			files = (
			);
			runOnlyForDeploymentPostprocessing = 0;
		};
/* End PBXFrameworksBuildPhase section */

/* Begin PBXGroup section */
		81C290292584BE47002A1FB5 /* str_helpers */ = {
			isa = PBXGroup;
			children = (
				EFD40149257E92A60000FF34 /* ft_strlen.c */,
				EFD4014C257E930B0000FF34 /* ft_putstr.c */,
				81C290232584B165002A1FB5 /* ft_strlcpy.c */,
				EFD4014F257E93EE0000FF34 /* ft_putchar.c */,
				81F2F81F25A4CAA000DC255F /* reverse.c */,
			);
			path = str_helpers;
			sourceTree = "<group>";
		};
		81C2902A2584BE6A002A1FB5 /* num_helpers */ = {
			isa = PBXGroup;
			children = (
				81F2F82225A5B57100DC255F /* ft_itoa.c */,
				81C2901D2584A739002A1FB5 /* ft_atoi.c */,
				81C290262584B511002A1FB5 /* ft_numlen.c */,
			);
			path = num_helpers;
			sourceTree = "<group>";
		};
		81C2902B2584BE79002A1FB5 /* bool_helpers */ = {
			isa = PBXGroup;
			children = (
				81C290202584B014002A1FB5 /* ft_contains.c */,
				EFD2690525812CD1002A5B26 /* ft_isFlag.c */,
				EFD2690325812C86002A5B26 /* ft_isTypeFlag.c */,
			);
			path = bool_helpers;
			sourceTree = "<group>";
		};
		81C2902E2584BEBC002A1FB5 /* parse */ = {
			isa = PBXGroup;
			children = (
				EFD40144257E76F40000FF34 /* ft_parse.c */,
				81C290362584C717002A1FB5 /* parse_flag.c */,
			);
			path = parse;
			sourceTree = "<group>";
		};
		81C2902F2584C179002A1FB5 /* init_deinit_pfs */ = {
			isa = PBXGroup;
			children = (
				81C290302584C196002A1FB5 /* init_pfs.c */,
				81C290332584C248002A1FB5 /* deinit_pfs.c */,
			);
			path = init_deinit_pfs;
			sourceTree = "<group>";
		};
		81F2F806259DC0C500DC255F /* flag_helpers */ = {
			isa = PBXGroup;
			children = (
				81F2F80A259DC12A00DC255F /* apply_flag.c */,
			);
			path = flag_helpers;
			sourceTree = "<group>";
		};
		81F2F81525A4BD3E00DC255F /* mem_helpers */ = {
			isa = PBXGroup;
			children = (
				81F2F81625A4BD6300DC255F /* ft_bzero.c */,
				81F2F81925A4BDED00DC255F /* ft_memcpy.c */,
			);
			path = mem_helpers;
			sourceTree = "<group>";
		};
		EFD40151257E98DC0000FF34 /* handlers */ = {
			isa = PBXGroup;
			children = (
				EFD40152257E98F80000FF34 /* handle_s.c */,
				81F2F803259B051C00DC255F /* handle_prsnt.c */,
				81F2F80F25A2052600DC255F /* handle_c.c */,
				81F2F81225A208D800DC255F /* handle_p.c */,
				81F2F81C25A4C95B00DC255F /* handle_di.c */,
			);
			path = handlers;
			sourceTree = "<group>";
		};
		EFDC03E8257B9A71006373A5 = {
			isa = PBXGroup;
			children = (
				EFDC03F3257B9A71006373A5 /* ft_printf */,
				EFDC03F2257B9A71006373A5 /* Products */,
			);
			sourceTree = "<group>";
		};
		EFDC03F2257B9A71006373A5 /* Products */ = {
			isa = PBXGroup;
			children = (
				EFDC03F1257B9A71006373A5 /* ft_printf */,
			);
			name = Products;
			sourceTree = "<group>";
		};
		EFDC03F3257B9A71006373A5 /* ft_printf */ = {
			isa = PBXGroup;
			children = (
				81F2F81525A4BD3E00DC255F /* mem_helpers */,
				81C2902F2584C179002A1FB5 /* init_deinit_pfs */,
				81C2902E2584BEBC002A1FB5 /* parse */,
				81C2902B2584BE79002A1FB5 /* bool_helpers */,
				81C2902A2584BE6A002A1FB5 /* num_helpers */,
				81C290292584BE47002A1FB5 /* str_helpers */,
				EFD40151257E98DC0000FF34 /* handlers */,
				81F2F806259DC0C500DC255F /* flag_helpers */,
				EFDC03F4257B9A71006373A5 /* main.c */,
				EFDC0408257B9ADA006373A5 /* ft_printf.h */,
				EFDC0409257B9ADA006373A5 /* ft_printf.c */,
			);
			path = ft_printf;
			sourceTree = "<group>";
		};
/* End PBXGroup section */

/* Begin PBXNativeTarget section */
		EFDC03F0257B9A71006373A5 /* ft_printf */ = {
			isa = PBXNativeTarget;
			buildConfigurationList = EFDC03F8257B9A71006373A5 /* Build configuration list for PBXNativeTarget "ft_printf" */;
			buildPhases = (
				EFDC03ED257B9A71006373A5 /* Sources */,
				EFDC03EE257B9A71006373A5 /* Frameworks */,
				EFDC03EF257B9A71006373A5 /* CopyFiles */,
			);
			buildRules = (
			);
			dependencies = (
			);
			name = ft_printf;
			productName = ft_printf;
			productReference = EFDC03F1257B9A71006373A5 /* ft_printf */;
			productType = "com.apple.product-type.tool";
		};
/* End PBXNativeTarget section */

/* Begin PBXProject section */
		EFDC03E9257B9A71006373A5 /* Project object */ = {
			isa = PBXProject;
			attributes = {
				LastUpgradeCheck = 1130;
				ORGANIZATIONNAME = "Joramun Bane";
				TargetAttributes = {
					EFDC03F0257B9A71006373A5 = {
						CreatedOnToolsVersion = 11.3.1;
					};
				};
			};
			buildConfigurationList = EFDC03EC257B9A71006373A5 /* Build configuration list for PBXProject "ft_printf" */;
			compatibilityVersion = "Xcode 9.3";
			developmentRegion = en;
			hasScannedForEncodings = 0;
			knownRegions = (
				en,
				Base,
			);
			mainGroup = EFDC03E8257B9A71006373A5;
			productRefGroup = EFDC03F2257B9A71006373A5 /* Products */;
			projectDirPath = "";
			projectRoot = "";
			targets = (
				EFDC03F0257B9A71006373A5 /* ft_printf */,
			);
		};
/* End PBXProject section */

/* Begin PBXSourcesBuildPhase section */
		EFDC03ED257B9A71006373A5 /* Sources */ = {
			isa = PBXSourcesBuildPhase;
			buildActionMask = 2147483647;
			files = (
				81F2F81D25A4C95B00DC255F /* handle_di.c in Sources */,
				81F2F81725A4BD6300DC255F /* ft_bzero.c in Sources */,
				EFD40145257E76F40000FF34 /* ft_parse.c in Sources */,
				81C290372584C717002A1FB5 /* parse_flag.c in Sources */,
				81F2F81325A208D800DC255F /* handle_p.c in Sources */,
				EFD40150257E93EE0000FF34 /* ft_putchar.c in Sources */,
				EFDC040B257B9ADA006373A5 /* ft_printf.c in Sources */,
				81F2F82325A5B57100DC255F /* ft_itoa.c in Sources */,
				81F2F804259B051C00DC255F /* handle_prsnt.c in Sources */,
				81F2F81025A2052600DC255F /* handle_c.c in Sources */,
				81F2F81A25A4BDED00DC255F /* ft_memcpy.c in Sources */,
				81C290242584B165002A1FB5 /* ft_strlcpy.c in Sources */,
				EFDC03F5257B9A71006373A5 /* main.c in Sources */,
				EFD4014D257E930B0000FF34 /* ft_putstr.c in Sources */,
				EFD2690625812CD1002A5B26 /* ft_isFlag.c in Sources */,
				81C290212584B014002A1FB5 /* ft_contains.c in Sources */,
				EFD2690425812C86002A5B26 /* ft_isTypeFlag.c in Sources */,
				81C290312584C196002A1FB5 /* init_pfs.c in Sources */,
				81F2F80B259DC12A00DC255F /* apply_flag.c in Sources */,
				81C290342584C248002A1FB5 /* deinit_pfs.c in Sources */,
				EFD4014A257E92A70000FF34 /* ft_strlen.c in Sources */,
				81C2901E2584A739002A1FB5 /* ft_atoi.c in Sources */,
				81C290272584B511002A1FB5 /* ft_numlen.c in Sources */,
				81F2F82025A4CAA000DC255F /* reverse.c in Sources */,
				EFD40153257E98F80000FF34 /* handle_s.c in Sources */,
			);
			runOnlyForDeploymentPostprocessing = 0;
		};
/* End PBXSourcesBuildPhase section */

/* Begin XCBuildConfiguration section */
		EFDC03F6257B9A71006373A5 /* Debug */ = {
			isa = XCBuildConfiguration;
			buildSettings = {
				ALWAYS_SEARCH_USER_PATHS = NO;
				CLANG_ANALYZER_NONNULL = YES;
				CLANG_ANALYZER_NUMBER_OBJECT_CONVERSION = YES_AGGRESSIVE;
				CLANG_CXX_LANGUAGE_STANDARD = "gnu++14";
				CLANG_CXX_LIBRARY = "libc++";
				CLANG_ENABLE_MODULES = YES;
				CLANG_ENABLE_OBJC_ARC = YES;
				CLANG_ENABLE_OBJC_WEAK = YES;
				CLANG_WARN_BLOCK_CAPTURE_AUTORELEASING = YES;
				CLANG_WARN_BOOL_CONVERSION = YES;
				CLANG_WARN_COMMA = YES;
				CLANG_WARN_CONSTANT_CONVERSION = YES;
				CLANG_WARN_DEPRECATED_OBJC_IMPLEMENTATIONS = YES;
				CLANG_WARN_DIRECT_OBJC_ISA_USAGE = YES_ERROR;
				CLANG_WARN_DOCUMENTATION_COMMENTS = YES;
				CLANG_WARN_EMPTY_BODY = YES;
				CLANG_WARN_ENUM_CONVERSION = YES;
				CLANG_WARN_INFINITE_RECURSION = YES;
				CLANG_WARN_INT_CONVERSION = YES;
				CLANG_WARN_NON_LITERAL_NULL_CONVERSION = YES;
				CLANG_WARN_OBJC_IMPLICIT_RETAIN_SELF = YES;
				CLANG_WARN_OBJC_LITERAL_CONVERSION = YES;
				CLANG_WARN_OBJC_ROOT_CLASS = YES_ERROR;
				CLANG_WARN_RANGE_LOOP_ANALYSIS = YES;
				CLANG_WARN_STRICT_PROTOTYPES = YES;
				CLANG_WARN_SUSPICIOUS_MOVE = YES;
				CLANG_WARN_UNGUARDED_AVAILABILITY = YES_AGGRESSIVE;
				CLANG_WARN_UNREACHABLE_CODE = YES;
				CLANG_WARN__DUPLICATE_METHOD_MATCH = YES;
				COPY_PHASE_STRIP = NO;
				DEBUG_INFORMATION_FORMAT = dwarf;
				ENABLE_STRICT_OBJC_MSGSEND = YES;
				ENABLE_TESTABILITY = YES;
				GCC_C_LANGUAGE_STANDARD = gnu11;
				GCC_DYNAMIC_NO_PIC = NO;
				GCC_NO_COMMON_BLOCKS = YES;
				GCC_OPTIMIZATION_LEVEL = 0;
				GCC_PREPROCESSOR_DEFINITIONS = (
					"DEBUG=1",
					"$(inherited)",
				);
				GCC_WARN_64_TO_32_BIT_CONVERSION = YES;
				GCC_WARN_ABOUT_RETURN_TYPE = YES_ERROR;
				GCC_WARN_UNDECLARED_SELECTOR = YES;
				GCC_WARN_UNINITIALIZED_AUTOS = YES_AGGRESSIVE;
				GCC_WARN_UNUSED_FUNCTION = YES;
				GCC_WARN_UNUSED_VARIABLE = YES;
				MACOSX_DEPLOYMENT_TARGET = 10.14;
				MTL_ENABLE_DEBUG_INFO = INCLUDE_SOURCE;
				MTL_FAST_MATH = YES;
				ONLY_ACTIVE_ARCH = YES;
				SDKROOT = macosx;
			};
			name = Debug;
		};
		EFDC03F7257B9A71006373A5 /* Release */ = {
			isa = XCBuildConfiguration;
			buildSettings = {
				ALWAYS_SEARCH_USER_PATHS = NO;
				CLANG_ANALYZER_NONNULL = YES;
				CLANG_ANALYZER_NUMBER_OBJECT_CONVERSION = YES_AGGRESSIVE;
				CLANG_CXX_LANGUAGE_STANDARD = "gnu++14";
				CLANG_CXX_LIBRARY = "libc++";
				CLANG_ENABLE_MODULES = YES;
				CLANG_ENABLE_OBJC_ARC = YES;
				CLANG_ENABLE_OBJC_WEAK = YES;
				CLANG_WARN_BLOCK_CAPTURE_AUTORELEASING = YES;
				CLANG_WARN_BOOL_CONVERSION = YES;
				CLANG_WARN_COMMA = YES;
				CLANG_WARN_CONSTANT_CONVERSION = YES;
				CLANG_WARN_DEPRECATED_OBJC_IMPLEMENTATIONS = YES;
				CLANG_WARN_DIRECT_OBJC_ISA_USAGE = YES_ERROR;
				CLANG_WARN_DOCUMENTATION_COMMENTS = YES;
				CLANG_WARN_EMPTY_BODY = YES;
				CLANG_WARN_ENUM_CONVERSION = YES;
				CLANG_WARN_INFINITE_RECURSION = YES;
				CLANG_WARN_INT_CONVERSION = YES;
				CLANG_WARN_NON_LITERAL_NULL_CONVERSION = YES;
				CLANG_WARN_OBJC_IMPLICIT_RETAIN_SELF = YES;
				CLANG_WARN_OBJC_LITERAL_CONVERSION = YES;
				CLANG_WARN_OBJC_ROOT_CLASS = YES_ERROR;
				CLANG_WARN_RANGE_LOOP_ANALYSIS = YES;
				CLANG_WARN_STRICT_PROTOTYPES = YES;
				CLANG_WARN_SUSPICIOUS_MOVE = YES;
				CLANG_WARN_UNGUARDED_AVAILABILITY = YES_AGGRESSIVE;
				CLANG_WARN_UNREACHABLE_CODE = YES;
				CLANG_WARN__DUPLICATE_METHOD_MATCH = YES;
				COPY_PHASE_STRIP = NO;
				DEBUG_INFORMATION_FORMAT = "dwarf-with-dsym";
				ENABLE_NS_ASSERTIONS = NO;
				ENABLE_STRICT_OBJC_MSGSEND = YES;
				GCC_C_LANGUAGE_STANDARD = gnu11;
				GCC_NO_COMMON_BLOCKS = YES;
				GCC_WARN_64_TO_32_BIT_CONVERSION = YES;
				GCC_WARN_ABOUT_RETURN_TYPE = YES_ERROR;
				GCC_WARN_UNDECLARED_SELECTOR = YES;
				GCC_WARN_UNINITIALIZED_AUTOS = YES_AGGRESSIVE;
				GCC_WARN_UNUSED_FUNCTION = YES;
				GCC_WARN_UNUSED_VARIABLE = YES;
				MACOSX_DEPLOYMENT_TARGET = 10.14;
				MTL_ENABLE_DEBUG_INFO = NO;
				MTL_FAST_MATH = YES;
				SDKROOT = macosx;
			};
			name = Release;
		};
		EFDC03F9257B9A71006373A5 /* Debug */ = {
			isa = XCBuildConfiguration;
			buildSettings = {
				CODE_SIGN_STYLE = Automatic;
				PRODUCT_NAME = "$(TARGET_NAME)";
			};
			name = Debug;
		};
		EFDC03FA257B9A71006373A5 /* Release */ = {
			isa = XCBuildConfiguration;
			buildSettings = {
				CODE_SIGN_STYLE = Automatic;
				PRODUCT_NAME = "$(TARGET_NAME)";
			};
			name = Release;
		};
/* End XCBuildConfiguration section */

/* Begin XCConfigurationList section */
		EFDC03EC257B9A71006373A5 /* Build configuration list for PBXProject "ft_printf" */ = {
			isa = XCConfigurationList;
			buildConfigurations = (
				EFDC03F6257B9A71006373A5 /* Debug */,
				EFDC03F7257B9A71006373A5 /* Release */,
			);
			defaultConfigurationIsVisible = 0;
			defaultConfigurationName = Release;
		};
		EFDC03F8257B9A71006373A5 /* Build configuration list for PBXNativeTarget "ft_printf" */ = {
			isa = XCConfigurationList;
			buildConfigurations = (
				EFDC03F9257B9A71006373A5 /* Debug */,
				EFDC03FA257B9A71006373A5 /* Release */,
			);
			defaultConfigurationIsVisible = 0;
			defaultConfigurationName = Release;
		};
/* End XCConfigurationList section */
	};
	rootObject = EFDC03E9257B9A71006373A5 /* Project object */;
}
